{
  "name": "ajs-node",
  "version": "1.0.0",
  "lockfileVersion": 3,
  "requires": true,
  "packages": {
    "": {
      "name": "ajs-node",
      "version": "1.0.0",
      "license": "ISC",
      "dependencies": {
        "@lmartemyanova/ajs": "^1.0.0"
      }
    },
    "node_modules/@lmartemyanova/ajs": {
      "version": "1.0.0",
      "resolved": "https://npm.pkg.github.com/download/@lmartemyanova/ajs/1.0.0/32cb4fd53e302226064dc2a141f823286989a0e7",
      "integrity": "sha512-3g32Y5E4pquXuHG/VnIe+ElGc7ZH7dEGnf3FuzHF763tFQyIJcIKkkLkkwXESS4/jQNDL+oTgwne2BkJG57aRA=="
    }
  }
}
